{
  "name": "game_internship_2023",
  "version": "1.0.0",
  "lockfileVersion": 2,
  "requires": true,
  "packages": {
    "": {
      "name": "game_internship_2023",
      "version": "1.0.0",
      "license": "ISC",
      "dependencies": {
        "pixi.js": "^5.3.5"
      }
    },
    "node_modules/@pixi/accessibility": {
      "version": "5.3.5",
      "resolved": "https://registry.npmjs.org/@pixi/accessibility/-/accessibility-5.3.5.tgz",
      "integrity": "sha512-1/4OmZj+P+4QJZ9JS2R7tJM0vEANInsUCbCs/8CcL8BkvMXO+STtNXMDhwS582/Q7NPnitv8EEMpr/iXX4pXoA==",
      "dependencies": {
        "@pixi/core": "5.3.5",
        "@pixi/display": "5.3.5",
        "@pixi/utils": "5.3.5"
      }
    },
    "node_modules/@pixi/app": {
      "version": "5.3.5",
      "resolved": "https://registry.npmjs.org/@pixi/app/-/app-5.3.5.tgz",
      "integrity": "sha512-HzsaLlZjeW3d+7DvY6VE6K6dpTrjM1H5q76o0SxmJaKFCUU6bJLdxd3pvR3MpVZqlEpQ5WDkg639yX4ObWHhZQ==",
      "dependencies": {
        "@pixi/core": "5.3.5",
        "@pixi/display": "5.3.5"
      }
    },
    "node_modules/@pixi/constants": {
      "version": "5.3.5",
      "resolved": "https://registry.npmjs.org/@pixi/constants/-/constants-5.3.5.tgz",
      "integrity": "sha512-XXxPUkFT5a2m9Nk3ncB2POxI7WSf0+XOmazbs9b/Mj39kRULS5hz0ijl+E+6pF2Sp9eZozxOzAdzfrNincI2lQ=="
    },
    "node_modules/@pixi/core": {
      "version": "5.3.5",
      "resolved": "https://registry.npmjs.org/@pixi/core/-/core-5.3.5.tgz",
      "integrity": "sha512-yH3vntU7SPot3CjTDo2pcICR5IPqTXH7sETWN7VyvxOpWs/ZBpL5SH6bp57S9Tmk7Ao4PiNHBMjK8YGC1QA3PQ==",
      "dependencies": {
        "@pixi/constants": "5.3.5",
        "@pixi/math": "5.3.5",
        "@pixi/runner": "5.3.5",
        "@pixi/settings": "5.3.5",
        "@pixi/ticker": "5.3.5",
        "@pixi/utils": "5.3.5"
      },
      "funding": {
        "type": "opencollective",
        "url": "https://opencollective.com/pixijs"
      }
    },
    "node_modules/@pixi/display": {
      "version": "5.3.5",
      "resolved": "https://registry.npmjs.org/@pixi/display/-/display-5.3.5.tgz",
      "integrity": "sha512-6JyQ5beQuV8++oAj4wNLCW9L8qwSt2Pk8GJVGB4p/a2imQ7rZBGZ0/tqssQ94rHnAoHLZsoaEprajiAU1jzGPQ==",
      "dependencies": {
        "@pixi/math": "5.3.5",
        "@pixi/settings": "5.3.5",
        "@pixi/utils": "5.3.5"
      }
    },
    "node_modules/@pixi/extract": {
      "version": "5.3.5",
      "resolved": "https://registry.npmjs.org/@pixi/extract/-/extract-5.3.5.tgz",
      "integrity": "sha512-RdbjUFzWpYCLxAfHwM98Lj2q5DvwmrMdaaYQkx6vJH3a9Xx4XIGHv1QaQ625hSE4C27Uj+5dLwDOtYPpD1iDvA==",
      "dependencies": {
        "@pixi/core": "5.3.5",
        "@pixi/math": "5.3.5",
        "@pixi/utils": "5.3.5"
      }
    },
    "node_modules/@pixi/filter-alpha": {
      "version": "5.3.5",
      "resolved": "https://registry.npmjs.org/@pixi/filter-alpha/-/filter-alpha-5.3.5.tgz",
      "integrity": "sha512-21XB9XqWzALkWGWAZUncKKyoY7bWWf7gbzyZVVL0RG36qCtNtLIw6sWoN+MUX3M2I1DDrQ6XV5dAuI2vWqY/rA==",
      "dependencies": {
        "@pixi/core": "5.3.5"
      }
    },
    "node_modules/@pixi/filter-blur": {
      "version": "5.3.5",
      "resolved": "https://registry.npmjs.org/@pixi/filter-blur/-/filter-blur-5.3.5.tgz",
      "integrity": "sha512-sFFEfPfNeU1NtYzlrMpJM/RFxsJixaceywnUFuytQoqFlk3U4Q6Lg+O82tGRTxOk9aJB/z3KAi4z3DTUCBHw2Q==",
      "dependencies": {
        "@pixi/core": "5.3.5",
        "@pixi/settings": "5.3.5"
      }
    },
    "node_modules/@pixi/filter-color-matrix": {
      "version": "5.3.5",
      "resolved": "https://registry.npmjs.org/@pixi/filter-color-matrix/-/filter-color-matrix-5.3.5.tgz",
      "integrity": "sha512-QZTFVMId/c+yGHOu1vJ/uk/riXmFk8iaho26nSAM/dckCr2UQKGGx6wfie4xc93UVujTeiJvQYuvjW5mvoPbPA==",
      "dependencies": {
        "@pixi/core": "5.3.5"
      }
    },
    "node_modules/@pixi/filter-displacement": {
      "version": "5.3.5",
      "resolved": "https://registry.npmjs.org/@pixi/filter-displacement/-/filter-displacement-5.3.5.tgz",
      "integrity": "sha512-+EZde4lvJMKrYrr16aNPTWSJxAMynB0X7vSAy4XpZ97hPUjBgIY42Zc8lKPcicxn1WkJ+Y8LWxGH/dcxUeLPVw==",
      "dependencies": {
        "@pixi/core": "5.3.5",
        "@pixi/math": "5.3.5"
      }
    },
    "node_modules/@pixi/filter-fxaa": {
      "version": "5.3.5",
      "resolved": "https://registry.npmjs.org/@pixi/filter-fxaa/-/filter-fxaa-5.3.5.tgz",
      "integrity": "sha512-tdqKSo3OhFq2UWjzAXMHn57zy15eKo0wxnmaq2RSXlttJLNO7xBrovYQy6FdVYwBBp2z993vrIjEzNbT6QSmcA==",
      "dependencies": {
        "@pixi/core": "5.3.5"
      }
    },
    "node_modules/@pixi/filter-noise": {
      "version": "5.3.5",
      "resolved": "https://registry.npmjs.org/@pixi/filter-noise/-/filter-noise-5.3.5.tgz",
      "integrity": "sha512-Nrl67aLFncPchtKqpZt+3wgjXn9oxgXed5jETZUMSfxIzlCvRIGQHaaAXucFgdjgRx+cXVdiL45BBObAdyVPiA==",
      "dependencies": {
        "@pixi/core": "5.3.5"
      }
    },
    "node_modules/@pixi/graphics": {
      "version": "5.3.5",
      "resolved": "https://registry.npmjs.org/@pixi/graphics/-/graphics-5.3.5.tgz",
      "integrity": "sha512-ZrChzqKx3c+9fnH3dkfJUsjKeyHmEv5VQBoTtJeoLNujLqk0uPAQ2LE5c6tsb53SBMcZDg4IEi5is5xMwYZ6Rw==",
      "dependencies": {
        "@pixi/constants": "5.3.5",
        "@pixi/core": "5.3.5",
        "@pixi/display": "5.3.5",
        "@pixi/math": "5.3.5",
        "@pixi/sprite": "5.3.5",
        "@pixi/utils": "5.3.5"
      }
    },
    "node_modules/@pixi/interaction": {
      "version": "5.3.5",
      "resolved": "https://registry.npmjs.org/@pixi/interaction/-/interaction-5.3.5.tgz",
      "integrity": "sha512-G9bW0+r34HLhdd3AnnOi1+4J1pGhzARiUuciYnNThfgiVp2MJ2sya0/E94XBvy7bfIjX4+uoli5eNnbASHqQ7w==",
      "dependencies": {
        "@pixi/core": "5.3.5",
        "@pixi/display": "5.3.5",
        "@pixi/math": "5.3.5",
        "@pixi/ticker": "5.3.5",
        "@pixi/utils": "5.3.5"
      }
    },
    "node_modules/@pixi/loaders": {
      "version": "5.3.5",
      "resolved": "https://registry.npmjs.org/@pixi/loaders/-/loaders-5.3.5.tgz",
      "integrity": "sha512-nW7L5TeGZxZhiG0W5ucPUUH+VkoS2uCQjTbREyUmLU2bJ/gGp+LPvaTNmIhjrEgsLSgVMoPQqdsfU6Yjy8Q5kw==",
      "dependencies": {
        "@pixi/core": "5.3.5",
        "@pixi/utils": "5.3.5",
        "resource-loader": "^3.0.1"
      }
    },
    "node_modules/@pixi/math": {
      "version": "5.3.5",
      "resolved": "https://registry.npmjs.org/@pixi/math/-/math-5.3.5.tgz",
      "integrity": "sha512-gOqpTLDe40kiToRoj6Qsley9VG0MAqGKfEG5+GQbVF75Ep5gDmHqOktlHdYRnoIzYiaeJkhIKTQQjuU+d7mN4g=="
    },
    "node_modules/@pixi/mesh": {
      "version": "5.3.5",
      "resolved": "https://registry.npmjs.org/@pixi/mesh/-/mesh-5.3.5.tgz",
      "integrity": "sha512-Zh8j5wOsvYiRRurEVp1QkPnQWhXODQbH7zCIHj4Wqd4xhYA0/looTlCQi6PKWttzgpO+3oMxX+cMGQPxiZu7lA==",
      "dependencies": {
        "@pixi/constants": "5.3.5",
        "@pixi/core": "5.3.5",
        "@pixi/display": "5.3.5",
        "@pixi/math": "5.3.5",
        "@pixi/settings": "5.3.5",
        "@pixi/utils": "5.3.5"
      }
    },
    "node_modules/@pixi/mesh-extras": {
      "version": "5.3.5",
      "resolved": "https://registry.npmjs.org/@pixi/mesh-extras/-/mesh-extras-5.3.5.tgz",
      "integrity": "sha512-47oHFkxUWQikB+7RT4ZcCecwc/GaKFSbZm6SL7dG12mQ+N5nGAZkWBIDw2d/Ai9PxMHo4ciUCjcS7el0SHkBjA==",
      "dependencies": {
        "@pixi/constants": "5.3.5",
        "@pixi/core": "5.3.5",
        "@pixi/math": "5.3.5",
        "@pixi/mesh": "5.3.5",
        "@pixi/utils": "5.3.5"
      }
    },
    "node_modules/@pixi/mixin-cache-as-bitmap": {
      "version": "5.3.5",
      "resolved": "https://registry.npmjs.org/@pixi/mixin-cache-as-bitmap/-/mixin-cache-as-bitmap-5.3.5.tgz",
      "integrity": "sha512-Di7ikKYie+O9zkF2C0S3ZA2EbwcH/NuTAMEVhwvPETqIl4yAMrKdsfGj6JGSDNC+QcIuiPphj4go+sBA/DPSnQ==",
      "dependencies": {
        "@pixi/core": "5.3.5",
        "@pixi/display": "5.3.5",
        "@pixi/math": "5.3.5",
        "@pixi/settings": "5.3.5",
        "@pixi/sprite": "5.3.5",
        "@pixi/utils": "5.3.5"
      }
    },
    "node_modules/@pixi/mixin-get-child-by-name": {
      "version": "5.3.5",
      "resolved": "https://registry.npmjs.org/@pixi/mixin-get-child-by-name/-/mixin-get-child-by-name-5.3.5.tgz",
      "integrity": "sha512-TsW81UcgDgb7MsTPmKN+TF8wW8TpXjBAoFzG6cEIkQ1cCCiUL0jpHdwOMfx9KtWwfNQExaDfGP0i93b9a3QEug==",
      "dependencies": {
        "@pixi/display": "5.3.5"
      }
    },
    "node_modules/@pixi/mixin-get-global-position": {
      "version": "5.3.5",
      "resolved": "https://registry.npmjs.org/@pixi/mixin-get-global-position/-/mixin-get-global-position-5.3.5.tgz",
      "integrity": "sha512-q0RJ6AYRGJv12hACZw+wAOHcKlzFRLQPnAzXU4pGT4NMNkiptP4pR4Woe8kLPhxhMRzGZ7QAxYkLiPq5bZnJHA==",
      "dependencies": {
        "@pixi/display": "5.3.5",
        "@pixi/math": "5.3.5"
      }
    },
    "node_modules/@pixi/particles": {
      "version": "5.3.5",
      "resolved": "https://registry.npmjs.org/@pixi/particles/-/particles-5.3.5.tgz",
      "integrity": "sha512-banJ4CK3tWv0iLZWU/RItpnO0P9yQ2W8JLrKgAaQ+JOC4M2eYJsDcTX7KCltvE4g/xLtjsmzqBoq/6LO6Akv1Q==",
      "dependencies": {
        "@pixi/constants": "5.3.5",
        "@pixi/core": "5.3.5",
        "@pixi/display": "5.3.5",
        "@pixi/math": "5.3.5",
        "@pixi/utils": "5.3.5"
      }
    },
    "node_modules/@pixi/polyfill": {
      "version": "5.3.5",
      "resolved": "https://registry.npmjs.org/@pixi/polyfill/-/polyfill-5.3.5.tgz",
      "integrity": "sha512-6aT4smj4Y8qhuzPHT52bkltdSCUAb/rdsOrSYl8VfmV7WjtIhA+/Z0xY7WbJ2rBOdf7WR0rFIxGjj/lDysxCMQ==",
      "dependencies": {
        "es6-promise-polyfill": "^1.2.0",
        "object-assign": "^4.1.1"
      }
    },
    "node_modules/@pixi/prepare": {
      "version": "5.3.5",
      "resolved": "https://registry.npmjs.org/@pixi/prepare/-/prepare-5.3.5.tgz",
      "integrity": "sha512-6eBXh7HddhxgSlkdBBnszYtw3QF1+tpFMJ5NcIWguG333wuM/k7h+tnfzS8C/wWFCHpx3YU2f3iMPe8/66cL0w==",
      "dependencies": {
        "@pixi/core": "5.3.5",
        "@pixi/display": "5.3.5",
        "@pixi/graphics": "5.3.5",
        "@pixi/settings": "5.3.5",
        "@pixi/text": "5.3.5",
        "@pixi/ticker": "5.3.5"
      }
    },
    "node_modules/@pixi/runner": {
      "version": "5.3.5",
      "resolved": "https://registry.npmjs.org/@pixi/runner/-/runner-5.3.5.tgz",
      "integrity": "sha512-RVSqtd6fO+lSqFNZ/lJonQlZbsS5zdMkQEd6XnHxR0uI60O92w19cb14kdRkoB7qxAbbuVoOJMBhk0ZPUAXDmw=="
    },
    "node_modules/@pixi/settings": {
      "version": "5.3.5",
      "resolved": "https://registry.npmjs.org/@pixi/settings/-/settings-5.3.5.tgz",
      "integrity": "sha512-lDc6qbFQ66Qt2LaQvY+cDNFQhB70LgVoQwCxjVfTfSjW9Yoo4vs2sjQcuHPDocaWGi560Jef2XLAqQmWS2qKrw==",
      "dependencies": {
        "ismobilejs": "^1.1.0"
      }
    },
    "node_modules/@pixi/sprite": {
      "version": "5.3.5",
      "resolved": "https://registry.npmjs.org/@pixi/sprite/-/sprite-5.3.5.tgz",
      "integrity": "sha512-ISVCzkohwmGUF89SQpwWLupIoCQpB9sl9hbZkpQVep2n5FqFrf1D8wLSzbwpQozT0uKStY6SwMc5V80XvaSj+w==",
      "dependencies": {
        "@pixi/constants": "5.3.5",
        "@pixi/core": "5.3.5",
        "@pixi/display": "5.3.5",
        "@pixi/math": "5.3.5",
        "@pixi/settings": "5.3.5",
        "@pixi/utils": "5.3.5"
      }
    },
    "node_modules/@pixi/sprite-animated": {
      "version": "5.3.5",
      "resolved": "https://registry.npmjs.org/@pixi/sprite-animated/-/sprite-animated-5.3.5.tgz",
      "integrity": "sha512-Dm4e3b4eiLWVkQf0tE1JmiN4fKRub7QKs3A+RJcPG7rM4/l18VkPsm8YyduP7e8X1bilwhCUcnVFXqLp10p46Q==",
      "dependencies": {
        "@pixi/core": "5.3.5",
        "@pixi/sprite": "5.3.5",
        "@pixi/ticker": "5.3.5"
      }
    },
    "node_modules/@pixi/sprite-tiling": {
      "version": "5.3.5",
      "resolved": "https://registry.npmjs.org/@pixi/sprite-tiling/-/sprite-tiling-5.3.5.tgz",
      "integrity": "sha512-GBQTUsMFZm9ajynp4elDdSUultAJDMCCmZsVEfagljs+J4AM2kTCSbPBMHf77hxlpWcjDxZDG9j6FJnRwCzRqg==",
      "dependencies": {
        "@pixi/constants": "5.3.5",
        "@pixi/core": "5.3.5",
        "@pixi/display": "5.3.5",
        "@pixi/math": "5.3.5",
        "@pixi/sprite": "5.3.5",
        "@pixi/utils": "5.3.5"
      }
    },
    "node_modules/@pixi/spritesheet": {
      "version": "5.3.5",
      "resolved": "https://registry.npmjs.org/@pixi/spritesheet/-/spritesheet-5.3.5.tgz",
      "integrity": "sha512-qStYDYh43JTw7YYwvgs36r80kMfGK1/xiuxNLzjS9VNIwi50w/fqpZqzh+f5galNNdZlIfTfOnWUEYZAWQetig==",
      "dependencies": {
        "@pixi/core": "5.3.5",
        "@pixi/loaders": "5.3.5",
        "@pixi/math": "5.3.5",
        "@pixi/utils": "5.3.5"
      }
    },
    "node_modules/@pixi/text": {
      "version": "5.3.5",
      "resolved": "https://registry.npmjs.org/@pixi/text/-/text-5.3.5.tgz",
      "integrity": "sha512-f1L1UikeIP+kZDa2AzPqWNcmukqxVUwPaQ4Z3jhqaT43zSHP0UkPAXacB+kf2AkVjYJEuZgsb2yJNHcEuUgCAQ==",
      "dependencies": {
        "@pixi/core": "5.3.5",
        "@pixi/math": "5.3.5",
        "@pixi/settings": "5.3.5",
        "@pixi/sprite": "5.3.5",
        "@pixi/utils": "5.3.5"
      }
    },
    "node_modules/@pixi/text-bitmap": {
      "version": "5.3.5",
      "resolved": "https://registry.npmjs.org/@pixi/text-bitmap/-/text-bitmap-5.3.5.tgz",
      "integrity": "sha512-ccJnFnsHoVMKlvf6ncv3URU70Oj9d+hKR+G6Trp3Ui93JQcy4KNtqNrt07K8AdzIM42knzShcGwT5UUHpk8Plw==",
      "dependencies": {
        "@pixi/core": "5.3.5",
        "@pixi/display": "5.3.5",
        "@pixi/loaders": "5.3.5",
        "@pixi/math": "5.3.5",
        "@pixi/mesh": "5.3.5",
        "@pixi/settings": "5.3.5",
        "@pixi/text": "5.3.5",
        "@pixi/utils": "5.3.5"
      }
    },
    "node_modules/@pixi/ticker": {
      "version": "5.3.5",
      "resolved": "https://registry.npmjs.org/@pixi/ticker/-/ticker-5.3.5.tgz",
      "integrity": "sha512-6IIr8IDYad8dS+1F1xMBmtmlExQbYNZdw7vEBF9dRzXt726BDwVgbLtsR+ax5k91aIAiYLReZLph31gSii1g3w==",
      "dependencies": {
        "@pixi/settings": "5.3.5"
      }
    },
    "node_modules/@pixi/utils": {
      "version": "5.3.5",
      "resolved": "https://registry.npmjs.org/@pixi/utils/-/utils-5.3.5.tgz",
      "integrity": "sha512-KquxgZR8exK4hiBKbLVcSRH/+mrxfTZTWquUj7fzDh71xI2NP4KDvggI8WzbVLyzrW08drEI3ckKEnQkOcy5qw==",
      "dependencies": {
        "@pixi/constants": "5.3.5",
        "@pixi/settings": "5.3.5",
        "earcut": "^2.1.5",
        "eventemitter3": "^3.1.0",
        "url": "^0.11.0"
      }
    },
    "node_modules/earcut": {
      "version": "2.2.4",
      "resolved": "https://registry.npmjs.org/earcut/-/earcut-2.2.4.tgz",
      "integrity": "sha512-/pjZsA1b4RPHbeWZQn66SWS8nZZWLQQ23oE3Eam7aroEFGEvwKAsJfZ9ytiEMycfzXWpca4FA9QIOehf7PocBQ=="
    },
    "node_modules/es6-promise-polyfill": {
      "version": "1.2.0",
      "resolved": "https://registry.npmjs.org/es6-promise-polyfill/-/es6-promise-polyfill-1.2.0.tgz",
      "integrity": "sha512-HHb0vydCpoclpd0ySPkRXMmBw80MRt1wM4RBJBlXkux97K7gleabZdsR0gvE1nNPM9mgOZIBTzjjXiPxf4lIqQ=="
    },
    "node_modules/eventemitter3": {
      "version": "3.1.2",
      "resolved": "https://registry.npmjs.org/eventemitter3/-/eventemitter3-3.1.2.tgz",
      "integrity": "sha512-tvtQIeLVHjDkJYnzf2dgVMxfuSGJeM/7UCG17TT4EumTfNtF+0nebF/4zWOIkCreAbtNqhGEboB6BWrwqNaw4Q=="
    },
    "node_modules/ismobilejs": {
      "version": "1.1.1",
      "resolved": "https://registry.npmjs.org/ismobilejs/-/ismobilejs-1.1.1.tgz",
      "integrity": "sha512-VaFW53yt8QO61k2WJui0dHf4SlL8lxBofUuUmwBo0ljPk0Drz2TiuDW4jo3wDcv41qy/SxrJ+VAzJ/qYqsmzRw=="
    },
    "node_modules/mini-signals": {
      "version": "1.2.0",
      "resolved": "https://registry.npmjs.org/mini-signals/-/mini-signals-1.2.0.tgz",
      "integrity": "sha512-alffqMkGCjjTSwvYMVLx+7QeJ6sTuxbXqBkP21my4iWU5+QpTQAJt3h7htA1OKm9F3BpMM0vnu72QIoiJakrLA=="
    },
    "node_modules/object-assign": {
      "version": "4.1.1",
      "resolved": "https://registry.npmjs.org/object-assign/-/object-assign-4.1.1.tgz",
      "integrity": "sha512-rJgTQnkUnH1sFw8yT6VSU3zD3sWmu6sZhIseY8VX+GRu3P6F7Fu+JNDoXfklElbLJSnc3FUQHVe4cU5hj+BcUg==",
      "engines": {
        "node": ">=0.10.0"
      }
    },
    "node_modules/parse-uri": {
      "version": "1.0.7",
      "resolved": "https://registry.npmjs.org/parse-uri/-/parse-uri-1.0.7.tgz",
      "integrity": "sha512-eWuZCMKNlVkXrEoANdXxbmqhu2SQO9jUMCSpdbJDObin0JxISn6e400EWsSRbr/czdKvWKkhZnMKEGUwf/Plmg==",
      "engines": {
        "node": ">= 0.10"
      }
    },
    "node_modules/pixi.js": {
      "version": "5.3.5",
      "resolved": "https://registry.npmjs.org/pixi.js/-/pixi.js-5.3.5.tgz",
      "integrity": "sha512-dQgN1K3Zcdft6e+X5c+1MzFpDe2g5jjjFNomvYwuh8eWDO8sUkxq8l0pZIne4NGv+Q/t3B/rBV03SK6+DhiLrA==",
      "dependencies": {
        "@pixi/accessibility": "5.3.5",
        "@pixi/app": "5.3.5",
        "@pixi/constants": "5.3.5",
        "@pixi/core": "5.3.5",
        "@pixi/display": "5.3.5",
        "@pixi/extract": "5.3.5",
        "@pixi/filter-alpha": "5.3.5",
        "@pixi/filter-blur": "5.3.5",
        "@pixi/filter-color-matrix": "5.3.5",
        "@pixi/filter-displacement": "5.3.5",
        "@pixi/filter-fxaa": "5.3.5",
        "@pixi/filter-noise": "5.3.5",
        "@pixi/graphics": "5.3.5",
        "@pixi/interaction": "5.3.5",
        "@pixi/loaders": "5.3.5",
        "@pixi/math": "5.3.5",
        "@pixi/mesh": "5.3.5",
        "@pixi/mesh-extras": "5.3.5",
        "@pixi/mixin-cache-as-bitmap": "5.3.5",
        "@pixi/mixin-get-child-by-name": "5.3.5",
        "@pixi/mixin-get-global-position": "5.3.5",
        "@pixi/particles": "5.3.5",
        "@pixi/polyfill": "5.3.5",
        "@pixi/prepare": "5.3.5",
        "@pixi/runner": "5.3.5",
        "@pixi/settings": "5.3.5",
        "@pixi/sprite": "5.3.5",
        "@pixi/sprite-animated": "5.3.5",
        "@pixi/sprite-tiling": "5.3.5",
        "@pixi/spritesheet": "5.3.5",
        "@pixi/text": "5.3.5",
        "@pixi/text-bitmap": "5.3.5",
        "@pixi/ticker": "5.3.5",
        "@pixi/utils": "5.3.5"
      },
      "funding": {
        "type": "opencollective",
        "url": "https://opencollective.com/pixijs"
      }
    },
    "node_modules/punycode": {
      "version": "1.3.2",
      "resolved": "https://registry.npmjs.org/punycode/-/punycode-1.3.2.tgz",
      "integrity": "sha512-RofWgt/7fL5wP1Y7fxE7/EmTLzQVnB0ycyibJ0OOHIlJqTNzglYFxVwETOcIoJqJmpDXJ9xImDv+Fq34F/d4Dw=="
    },
    "node_modules/querystring": {
      "version": "0.2.0",
      "resolved": "https://registry.npmjs.org/querystring/-/querystring-0.2.0.tgz",
      "integrity": "sha512-X/xY82scca2tau62i9mDyU9K+I+djTMUsvwf7xnUX5GLvVzgJybOJf4Y6o9Zx3oJK/LSXg5tTZBjwzqVPaPO2g==",
      "deprecated": "The querystring API is considered Legacy. new code should use the URLSearchParams API instead.",
      "engines": {
        "node": ">=0.4.x"
      }
    },
    "node_modules/resource-loader": {
      "version": "3.0.1",
      "resolved": "https://registry.npmjs.org/resource-loader/-/resource-loader-3.0.1.tgz",
      "integrity": "sha512-fBuCRbEHdLCI1eglzQhUv9Rrdcmqkydr1r6uHE2cYHvRBrcLXeSmbE/qI/urFt8rPr/IGxir3BUwM5kUK8XoyA==",
      "dependencies": {
        "mini-signals": "^1.2.0",
        "parse-uri": "^1.0.0"
      }
    },
    "node_modules/url": {
      "version": "0.11.0",
      "resolved": "https://registry.npmjs.org/url/-/url-0.11.0.tgz",
      "integrity": "sha512-kbailJa29QrtXnxgq+DdCEGlbTeYM2eJUxsz6vjZavrCYPMIFHMKQmSKYAIuUK2i7hgPm28a8piX5NTUtM/LKQ==",
      "dependencies": {
        "punycode": "1.3.2",
        "querystring": "0.2.0"
      }
    }
  },
  "dependencies": {
    "@pixi/accessibility": {
      "version": "5.3.5",
      "resolved": "https://registry.npmjs.org/@pixi/accessibility/-/accessibility-5.3.5.tgz",
      "integrity": "sha512-1/4OmZj+P+4QJZ9JS2R7tJM0vEANInsUCbCs/8CcL8BkvMXO+STtNXMDhwS582/Q7NPnitv8EEMpr/iXX4pXoA==",
      "requires": {
        "@pixi/core": "5.3.5",
        "@pixi/display": "5.3.5",
        "@pixi/utils": "5.3.5"
      }
    },
    "@pixi/app": {
      "version": "5.3.5",
      "resolved": "https://registry.npmjs.org/@pixi/app/-/app-5.3.5.tgz",
      "integrity": "sha512-HzsaLlZjeW3d+7DvY6VE6K6dpTrjM1H5q76o0SxmJaKFCUU6bJLdxd3pvR3MpVZqlEpQ5WDkg639yX4ObWHhZQ==",
      "requires": {
        "@pixi/core": "5.3.5",
        "@pixi/display": "5.3.5"
      }
    },
    "@pixi/constants": {
      "version": "5.3.5",
      "resolved": "https://registry.npmjs.org/@pixi/constants/-/constants-5.3.5.tgz",
      "integrity": "sha512-XXxPUkFT5a2m9Nk3ncB2POxI7WSf0+XOmazbs9b/Mj39kRULS5hz0ijl+E+6pF2Sp9eZozxOzAdzfrNincI2lQ=="
    },
    "@pixi/core": {
      "version": "5.3.5",
      "resolved": "https://registry.npmjs.org/@pixi/core/-/core-5.3.5.tgz",
      "integrity": "sha512-yH3vntU7SPot3CjTDo2pcICR5IPqTXH7sETWN7VyvxOpWs/ZBpL5SH6bp57S9Tmk7Ao4PiNHBMjK8YGC1QA3PQ==",
      "requires": {
        "@pixi/constants": "5.3.5",
        "@pixi/math": "5.3.5",
        "@pixi/runner": "5.3.5",
        "@pixi/settings": "5.3.5",
        "@pixi/ticker": "5.3.5",
        "@pixi/utils": "5.3.5"
      }
    },
    "@pixi/display": {
      "version": "5.3.5",
      "resolved": "https://registry.npmjs.org/@pixi/display/-/display-5.3.5.tgz",
      "integrity": "sha512-6JyQ5beQuV8++oAj4wNLCW9L8qwSt2Pk8GJVGB4p/a2imQ7rZBGZ0/tqssQ94rHnAoHLZsoaEprajiAU1jzGPQ==",
      "requires": {
        "@pixi/math": "5.3.5",
        "@pixi/settings": "5.3.5",
        "@pixi/utils": "5.3.5"
      }
    },
    "@pixi/extract": {
      "version": "5.3.5",
      "resolved": "https://registry.npmjs.org/@pixi/extract/-/extract-5.3.5.tgz",
      "integrity": "sha512-RdbjUFzWpYCLxAfHwM98Lj2q5DvwmrMdaaYQkx6vJH3a9Xx4XIGHv1QaQ625hSE4C27Uj+5dLwDOtYPpD1iDvA==",
      "requires": {
        "@pixi/core": "5.3.5",
        "@pixi/math": "5.3.5",
        "@pixi/utils": "5.3.5"
      }
    },
    "@pixi/filter-alpha": {
      "version": "5.3.5",
      "resolved": "https://registry.npmjs.org/@pixi/filter-alpha/-/filter-alpha-5.3.5.tgz",
      "integrity": "sha512-21XB9XqWzALkWGWAZUncKKyoY7bWWf7gbzyZVVL0RG36qCtNtLIw6sWoN+MUX3M2I1DDrQ6XV5dAuI2vWqY/rA==",
      "requires": {
        "@pixi/core": "5.3.5"
      }
    },
    "@pixi/filter-blur": {
      "version": "5.3.5",
      "resolved": "https://registry.npmjs.org/@pixi/filter-blur/-/filter-blur-5.3.5.tgz",
      "integrity": "sha512-sFFEfPfNeU1NtYzlrMpJM/RFxsJixaceywnUFuytQoqFlk3U4Q6Lg+O82tGRTxOk9aJB/z3KAi4z3DTUCBHw2Q==",
      "requires": {
        "@pixi/core": "5.3.5",
        "@pixi/settings": "5.3.5"
      }
    },
    "@pixi/filter-color-matrix": {
      "version": "5.3.5",
      "resolved": "https://registry.npmjs.org/@pixi/filter-color-matrix/-/filter-color-matrix-5.3.5.tgz",
      "integrity": "sha512-QZTFVMId/c+yGHOu1vJ/uk/riXmFk8iaho26nSAM/dckCr2UQKGGx6wfie4xc93UVujTeiJvQYuvjW5mvoPbPA==",
      "requires": {
        "@pixi/core": "5.3.5"
      }
    },
    "@pixi/filter-displacement": {
      "version": "5.3.5",
      "resolved": "https://registry.npmjs.org/@pixi/filter-displacement/-/filter-displacement-5.3.5.tgz",
      "integrity": "sha512-+EZde4lvJMKrYrr16aNPTWSJxAMynB0X7vSAy4XpZ97hPUjBgIY42Zc8lKPcicxn1WkJ+Y8LWxGH/dcxUeLPVw==",
      "requires": {
        "@pixi/core": "5.3.5",
        "@pixi/math": "5.3.5"
      }
    },
    "@pixi/filter-fxaa": {
      "version": "5.3.5",
      "resolved": "https://registry.npmjs.org/@pixi/filter-fxaa/-/filter-fxaa-5.3.5.tgz",
      "integrity": "sha512-tdqKSo3OhFq2UWjzAXMHn57zy15eKo0wxnmaq2RSXlttJLNO7xBrovYQy6FdVYwBBp2z993vrIjEzNbT6QSmcA==",
      "requires": {
        "@pixi/core": "5.3.5"
      }
    },
    "@pixi/filter-noise": {
      "version": "5.3.5",
      "resolved": "https://registry.npmjs.org/@pixi/filter-noise/-/filter-noise-5.3.5.tgz",
      "integrity": "sha512-Nrl67aLFncPchtKqpZt+3wgjXn9oxgXed5jETZUMSfxIzlCvRIGQHaaAXucFgdjgRx+cXVdiL45BBObAdyVPiA==",
      "requires": {
        "@pixi/core": "5.3.5"
      }
    },
    "@pixi/graphics": {
      "version": "5.3.5",
      "resolved": "https://registry.npmjs.org/@pixi/graphics/-/graphics-5.3.5.tgz",
      "integrity": "sha512-ZrChzqKx3c+9fnH3dkfJUsjKeyHmEv5VQBoTtJeoLNujLqk0uPAQ2LE5c6tsb53SBMcZDg4IEi5is5xMwYZ6Rw==",
      "requires": {
        "@pixi/constants": "5.3.5",
        "@pixi/core": "5.3.5",
        "@pixi/display": "5.3.5",
        "@pixi/math": "5.3.5",
        "@pixi/sprite": "5.3.5",
        "@pixi/utils": "5.3.5"
      }
    },
    "@pixi/interaction": {
      "version": "5.3.5",
      "resolved": "https://registry.npmjs.org/@pixi/interaction/-/interaction-5.3.5.tgz",
      "integrity": "sha512-G9bW0+r34HLhdd3AnnOi1+4J1pGhzARiUuciYnNThfgiVp2MJ2sya0/E94XBvy7bfIjX4+uoli5eNnbASHqQ7w==",
      "requires": {
        "@pixi/core": "5.3.5",
        "@pixi/display": "5.3.5",
        "@pixi/math": "5.3.5",
        "@pixi/ticker": "5.3.5",
        "@pixi/utils": "5.3.5"
      }
    },
    "@pixi/loaders": {
      "version": "5.3.5",
      "resolved": "https://registry.npmjs.org/@pixi/loaders/-/loaders-5.3.5.tgz",
      "integrity": "sha512-nW7L5TeGZxZhiG0W5ucPUUH+VkoS2uCQjTbREyUmLU2bJ/gGp+LPvaTNmIhjrEgsLSgVMoPQqdsfU6Yjy8Q5kw==",
      "requires": {
        "@pixi/core": "5.3.5",
        "@pixi/utils": "5.3.5",
        "resource-loader": "^3.0.1"
      }
    },
    "@pixi/math": {
      "version": "5.3.5",
      "resolved": "https://registry.npmjs.org/@pixi/math/-/math-5.3.5.tgz",
      "integrity": "sha512-gOqpTLDe40kiToRoj6Qsley9VG0MAqGKfEG5+GQbVF75Ep5gDmHqOktlHdYRnoIzYiaeJkhIKTQQjuU+d7mN4g=="
    },
    "@pixi/mesh": {
      "version": "5.3.5",
      "resolved": "https://registry.npmjs.org/@pixi/mesh/-/mesh-5.3.5.tgz",
      "integrity": "sha512-Zh8j5wOsvYiRRurEVp1QkPnQWhXODQbH7zCIHj4Wqd4xhYA0/looTlCQi6PKWttzgpO+3oMxX+cMGQPxiZu7lA==",
      "requires": {
        "@pixi/constants": "5.3.5",
        "@pixi/core": "5.3.5",
        "@pixi/display": "5.3.5",
        "@pixi/math": "5.3.5",
        "@pixi/settings": "5.3.5",
        "@pixi/utils": "5.3.5"
      }
    },
    "@pixi/mesh-extras": {
      "version": "5.3.5",
      "resolved": "https://registry.npmjs.org/@pixi/mesh-extras/-/mesh-extras-5.3.5.tgz",
      "integrity": "sha512-47oHFkxUWQikB+7RT4ZcCecwc/GaKFSbZm6SL7dG12mQ+N5nGAZkWBIDw2d/Ai9PxMHo4ciUCjcS7el0SHkBjA==",
      "requires": {
        "@pixi/constants": "5.3.5",
        "@pixi/core": "5.3.5",
        "@pixi/math": "5.3.5",
        "@pixi/mesh": "5.3.5",
        "@pixi/utils": "5.3.5"
      }
    },
    "@pixi/mixin-cache-as-bitmap": {
      "version": "5.3.5",
      "resolved": "https://registry.npmjs.org/@pixi/mixin-cache-as-bitmap/-/mixin-cache-as-bitmap-5.3.5.tgz",
      "integrity": "sha512-Di7ikKYie+O9zkF2C0S3ZA2EbwcH/NuTAMEVhwvPETqIl4yAMrKdsfGj6JGSDNC+QcIuiPphj4go+sBA/DPSnQ==",
      "requires": {
        "@pixi/core": "5.3.5",
        "@pixi/display": "5.3.5",
        "@pixi/math": "5.3.5",
        "@pixi/settings": "5.3.5",
        "@pixi/sprite": "5.3.5",
        "@pixi/utils": "5.3.5"
      }
    },
    "@pixi/mixin-get-child-by-name": {
      "version": "5.3.5",
      "resolved": "https://registry.npmjs.org/@pixi/mixin-get-child-by-name/-/mixin-get-child-by-name-5.3.5.tgz",
      "integrity": "sha512-TsW81UcgDgb7MsTPmKN+TF8wW8TpXjBAoFzG6cEIkQ1cCCiUL0jpHdwOMfx9KtWwfNQExaDfGP0i93b9a3QEug==",
      "requires": {
        "@pixi/display": "5.3.5"
      }
    },
    "@pixi/mixin-get-global-position": {
      "version": "5.3.5",
      "resolved": "https://registry.npmjs.org/@pixi/mixin-get-global-position/-/mixin-get-global-position-5.3.5.tgz",
      "integrity": "sha512-q0RJ6AYRGJv12hACZw+wAOHcKlzFRLQPnAzXU4pGT4NMNkiptP4pR4Woe8kLPhxhMRzGZ7QAxYkLiPq5bZnJHA==",
      "requires": {
        "@pixi/display": "5.3.5",
        "@pixi/math": "5.3.5"
      }
    },
    "@pixi/particles": {
      "version": "5.3.5",
      "resolved": "https://registry.npmjs.org/@pixi/particles/-/particles-5.3.5.tgz",
      "integrity": "sha512-banJ4CK3tWv0iLZWU/RItpnO0P9yQ2W8JLrKgAaQ+JOC4M2eYJsDcTX7KCltvE4g/xLtjsmzqBoq/6LO6Akv1Q==",
      "requires": {
        "@pixi/constants": "5.3.5",
        "@pixi/core": "5.3.5",
        "@pixi/display": "5.3.5",
        "@pixi/math": "5.3.5",
        "@pixi/utils": "5.3.5"
      }
    },
    "@pixi/polyfill": {
      "version": "5.3.5",
      "resolved": "https://registry.npmjs.org/@pixi/polyfill/-/polyfill-5.3.5.tgz",
      "integrity": "sha512-6aT4smj4Y8qhuzPHT52bkltdSCUAb/rdsOrSYl8VfmV7WjtIhA+/Z0xY7WbJ2rBOdf7WR0rFIxGjj/lDysxCMQ==",
      "requires": {
        "es6-promise-polyfill": "^1.2.0",
        "object-assign": "^4.1.1"
      }
    },
    "@pixi/prepare": {
      "version": "5.3.5",
      "resolved": "https://registry.npmjs.org/@pixi/prepare/-/prepare-5.3.5.tgz",
      "integrity": "sha512-6eBXh7HddhxgSlkdBBnszYtw3QF1+tpFMJ5NcIWguG333wuM/k7h+tnfzS8C/wWFCHpx3YU2f3iMPe8/66cL0w==",
      "requires": {
        "@pixi/core": "5.3.5",
        "@pixi/display": "5.3.5",
        "@pixi/graphics": "5.3.5",
        "@pixi/settings": "5.3.5",
        "@pixi/text": "5.3.5",
        "@pixi/ticker": "5.3.5"
      }
    },
    "@pixi/runner": {
      "version": "5.3.5",
      "resolved": "https://registry.npmjs.org/@pixi/runner/-/runner-5.3.5.tgz",
      "integrity": "sha512-RVSqtd6fO+lSqFNZ/lJonQlZbsS5zdMkQEd6XnHxR0uI60O92w19cb14kdRkoB7qxAbbuVoOJMBhk0ZPUAXDmw=="
    },
    "@pixi/settings": {
      "version": "5.3.5",
      "resolved": "https://registry.npmjs.org/@pixi/settings/-/settings-5.3.5.tgz",
      "integrity": "sha512-lDc6qbFQ66Qt2LaQvY+cDNFQhB70LgVoQwCxjVfTfSjW9Yoo4vs2sjQcuHPDocaWGi560Jef2XLAqQmWS2qKrw==",
      "requires": {
        "ismobilejs": "^1.1.0"
      }
    },
    "@pixi/sprite": {
      "version": "5.3.5",
      "resolved": "https://registry.npmjs.org/@pixi/sprite/-/sprite-5.3.5.tgz",
      "integrity": "sha512-ISVCzkohwmGUF89SQpwWLupIoCQpB9sl9hbZkpQVep2n5FqFrf1D8wLSzbwpQozT0uKStY6SwMc5V80XvaSj+w==",
      "requires": {
        "@pixi/constants": "5.3.5",
        "@pixi/core": "5.3.5",
        "@pixi/display": "5.3.5",
        "@pixi/math": "5.3.5",
        "@pixi/settings": "5.3.5",
        "@pixi/utils": "5.3.5"
      }
    },
    "@pixi/sprite-animated": {
      "version": "5.3.5",
      "resolved": "https://registry.npmjs.org/@pixi/sprite-animated/-/sprite-animated-5.3.5.tgz",
      "integrity": "sha512-Dm4e3b4eiLWVkQf0tE1JmiN4fKRub7QKs3A+RJcPG7rM4/l18VkPsm8YyduP7e8X1bilwhCUcnVFXqLp10p46Q==",
      "requires": {
        "@pixi/core": "5.3.5",
        "@pixi/sprite": "5.3.5",
        "@pixi/ticker": "5.3.5"
      }
    },
    "@pixi/sprite-tiling": {
      "version": "5.3.5",
      "resolved": "https://registry.npmjs.org/@pixi/sprite-tiling/-/sprite-tiling-5.3.5.tgz",
      "integrity": "sha512-GBQTUsMFZm9ajynp4elDdSUultAJDMCCmZsVEfagljs+J4AM2kTCSbPBMHf77hxlpWcjDxZDG9j6FJnRwCzRqg==",
      "requires": {
        "@pixi/constants": "5.3.5",
        "@pixi/core": "5.3.5",
        "@pixi/display": "5.3.5",
        "@pixi/math": "5.3.5",
        "@pixi/sprite": "5.3.5",
        "@pixi/utils": "5.3.5"
      }
    },
    "@pixi/spritesheet": {
      "version": "5.3.5",
      "resolved": "https://registry.npmjs.org/@pixi/spritesheet/-/spritesheet-5.3.5.tgz",
      "integrity": "sha512-qStYDYh43JTw7YYwvgs36r80kMfGK1/xiuxNLzjS9VNIwi50w/fqpZqzh+f5galNNdZlIfTfOnWUEYZAWQetig==",
      "requires": {
        "@pixi/core": "5.3.5",
        "@pixi/loaders": "5.3.5",
        "@pixi/math": "5.3.5",
        "@pixi/utils": "5.3.5"
      }
    },
    "@pixi/text": {
      "version": "5.3.5",
      "resolved": "https://registry.npmjs.org/@pixi/text/-/text-5.3.5.tgz",
      "integrity": "sha512-f1L1UikeIP+kZDa2AzPqWNcmukqxVUwPaQ4Z3jhqaT43zSHP0UkPAXacB+kf2AkVjYJEuZgsb2yJNHcEuUgCAQ==",
      "requires": {
        "@pixi/core": "5.3.5",
        "@pixi/math": "5.3.5",
        "@pixi/settings": "5.3.5",
        "@pixi/sprite": "5.3.5",
        "@pixi/utils": "5.3.5"
      }
    },
    "@pixi/text-bitmap": {
      "version": "5.3.5",
      "resolved": "https://registry.npmjs.org/@pixi/text-bitmap/-/text-bitmap-5.3.5.tgz",
      "integrity": "sha512-ccJnFnsHoVMKlvf6ncv3URU70Oj9d+hKR+G6Trp3Ui93JQcy4KNtqNrt07K8AdzIM42knzShcGwT5UUHpk8Plw==",
      "requires": {
        "@pixi/core": "5.3.5",
        "@pixi/display": "5.3.5",
        "@pixi/loaders": "5.3.5",
        "@pixi/math": "5.3.5",
        "@pixi/mesh": "5.3.5",
        "@pixi/settings": "5.3.5",
        "@pixi/text": "5.3.5",
        "@pixi/utils": "5.3.5"
      }
    },
    "@pixi/ticker": {
      "version": "5.3.5",
      "resolved": "https://registry.npmjs.org/@pixi/ticker/-/ticker-5.3.5.tgz",
      "integrity": "sha512-6IIr8IDYad8dS+1F1xMBmtmlExQbYNZdw7vEBF9dRzXt726BDwVgbLtsR+ax5k91aIAiYLReZLph31gSii1g3w==",
      "requires": {
        "@pixi/settings": "5.3.5"
      }
    },
    "@pixi/utils": {
      "version": "5.3.5",
      "resolved": "https://registry.npmjs.org/@pixi/utils/-/utils-5.3.5.tgz",
      "integrity": "sha512-KquxgZR8exK4hiBKbLVcSRH/+mrxfTZTWquUj7fzDh71xI2NP4KDvggI8WzbVLyzrW08drEI3ckKEnQkOcy5qw==",
      "requires": {
        "@pixi/constants": "5.3.5",
        "@pixi/settings": "5.3.5",
        "earcut": "^2.1.5",
        "eventemitter3": "^3.1.0",
        "url": "^0.11.0"
      }
    },
    "earcut": {
      "version": "2.2.4",
      "resolved": "https://registry.npmjs.org/earcut/-/earcut-2.2.4.tgz",
      "integrity": "sha512-/pjZsA1b4RPHbeWZQn66SWS8nZZWLQQ23oE3Eam7aroEFGEvwKAsJfZ9ytiEMycfzXWpca4FA9QIOehf7PocBQ=="
    },
    "es6-promise-polyfill": {
      "version": "1.2.0",
      "resolved": "https://registry.npmjs.org/es6-promise-polyfill/-/es6-promise-polyfill-1.2.0.tgz",
      "integrity": "sha512-HHb0vydCpoclpd0ySPkRXMmBw80MRt1wM4RBJBlXkux97K7gleabZdsR0gvE1nNPM9mgOZIBTzjjXiPxf4lIqQ=="
    },
    "eventemitter3": {
      "version": "3.1.2",
      "resolved": "https://registry.npmjs.org/eventemitter3/-/eventemitter3-3.1.2.tgz",
      "integrity": "sha512-tvtQIeLVHjDkJYnzf2dgVMxfuSGJeM/7UCG17TT4EumTfNtF+0nebF/4zWOIkCreAbtNqhGEboB6BWrwqNaw4Q=="
    },
    "ismobilejs": {
      "version": "1.1.1",
      "resolved": "https://registry.npmjs.org/ismobilejs/-/ismobilejs-1.1.1.tgz",
      "integrity": "sha512-VaFW53yt8QO61k2WJui0dHf4SlL8lxBofUuUmwBo0ljPk0Drz2TiuDW4jo3wDcv41qy/SxrJ+VAzJ/qYqsmzRw=="
    },
    "mini-signals": {
      "version": "1.2.0",
      "resolved": "https://registry.npmjs.org/mini-signals/-/mini-signals-1.2.0.tgz",
      "integrity": "sha512-alffqMkGCjjTSwvYMVLx+7QeJ6sTuxbXqBkP21my4iWU5+QpTQAJt3h7htA1OKm9F3BpMM0vnu72QIoiJakrLA=="
    },
    "object-assign": {
      "version": "4.1.1",
      "resolved": "https://registry.npmjs.org/object-assign/-/object-assign-4.1.1.tgz",
      "integrity": "sha512-rJgTQnkUnH1sFw8yT6VSU3zD3sWmu6sZhIseY8VX+GRu3P6F7Fu+JNDoXfklElbLJSnc3FUQHVe4cU5hj+BcUg=="
    },
    "parse-uri": {
      "version": "1.0.7",
      "resolved": "https://registry.npmjs.org/parse-uri/-/parse-uri-1.0.7.tgz",
      "integrity": "sha512-eWuZCMKNlVkXrEoANdXxbmqhu2SQO9jUMCSpdbJDObin0JxISn6e400EWsSRbr/czdKvWKkhZnMKEGUwf/Plmg=="
    },
    "pixi.js": {
      "version": "5.3.5",
      "resolved": "https://registry.npmjs.org/pixi.js/-/pixi.js-5.3.5.tgz",
      "integrity": "sha512-dQgN1K3Zcdft6e+X5c+1MzFpDe2g5jjjFNomvYwuh8eWDO8sUkxq8l0pZIne4NGv+Q/t3B/rBV03SK6+DhiLrA==",
      "requires": {
        "@pixi/accessibility": "5.3.5",
        "@pixi/app": "5.3.5",
        "@pixi/constants": "5.3.5",
        "@pixi/core": "5.3.5",
        "@pixi/display": "5.3.5",
        "@pixi/extract": "5.3.5",
        "@pixi/filter-alpha": "5.3.5",
        "@pixi/filter-blur": "5.3.5",
        "@pixi/filter-color-matrix": "5.3.5",
        "@pixi/filter-displacement": "5.3.5",
        "@pixi/filter-fxaa": "5.3.5",
        "@pixi/filter-noise": "5.3.5",
        "@pixi/graphics": "5.3.5",
        "@pixi/interaction": "5.3.5",
        "@pixi/loaders": "5.3.5",
        "@pixi/math": "5.3.5",
        "@pixi/mesh": "5.3.5",
        "@pixi/mesh-extras": "5.3.5",
        "@pixi/mixin-cache-as-bitmap": "5.3.5",
        "@pixi/mixin-get-child-by-name": "5.3.5",
        "@pixi/mixin-get-global-position": "5.3.5",
        "@pixi/particles": "5.3.5",
        "@pixi/polyfill": "5.3.5",
        "@pixi/prepare": "5.3.5",
        "@pixi/runner": "5.3.5",
        "@pixi/settings": "5.3.5",
        "@pixi/sprite": "5.3.5",
        "@pixi/sprite-animated": "5.3.5",
        "@pixi/sprite-tiling": "5.3.5",
        "@pixi/spritesheet": "5.3.5",
        "@pixi/text": "5.3.5",
        "@pixi/text-bitmap": "5.3.5",
        "@pixi/ticker": "5.3.5",
        "@pixi/utils": "5.3.5"
      }
    },
    "punycode": {
      "version": "1.3.2",
      "resolved": "https://registry.npmjs.org/punycode/-/punycode-1.3.2.tgz",
      "integrity": "sha512-RofWgt/7fL5wP1Y7fxE7/EmTLzQVnB0ycyibJ0OOHIlJqTNzglYFxVwETOcIoJqJmpDXJ9xImDv+Fq34F/d4Dw=="
    },
    "querystring": {
      "version": "0.2.0",
      "resolved": "https://registry.npmjs.org/querystring/-/querystring-0.2.0.tgz",
      "integrity": "sha512-X/xY82scca2tau62i9mDyU9K+I+djTMUsvwf7xnUX5GLvVzgJybOJf4Y6o9Zx3oJK/LSXg5tTZBjwzqVPaPO2g=="
    },
    "resource-loader": {
      "version": "3.0.1",
      "resolved": "https://registry.npmjs.org/resource-loader/-/resource-loader-3.0.1.tgz",
      "integrity": "sha512-fBuCRbEHdLCI1eglzQhUv9Rrdcmqkydr1r6uHE2cYHvRBrcLXeSmbE/qI/urFt8rPr/IGxir3BUwM5kUK8XoyA==",
      "requires": {
        "mini-signals": "^1.2.0",
        "parse-uri": "^1.0.0"
      }
    },
    "url": {
      "version": "0.11.0",
      "resolved": "https://registry.npmjs.org/url/-/url-0.11.0.tgz",
      "integrity": "sha512-kbailJa29QrtXnxgq+DdCEGlbTeYM2eJUxsz6vjZavrCYPMIFHMKQmSKYAIuUK2i7hgPm28a8piX5NTUtM/LKQ==",
      "requires": {
        "punycode": "1.3.2",
        "querystring": "0.2.0"
      }
    }
  }
}
